
Microsoft Visual Studio Solution File, Format Version 12.00
Project("{FAE04EC0-301F-11D3-BF4B-00C04F79EFBC}") = "WhisperTest", "WhisperTest\WhisperTest.csproj", "{6584BAAE-CBCE-4FC2-969A-F3128E103B94}"
EndProject
Global
	GlobalSection(SolutionConfigurationPlatforms) = preSolution
		Debug|Any CPU = Debug|Any CPU
		Release|Any CPU = Release|Any CPU
	EndGlobalSection
	GlobalSection(ProjectConfigurationPlatforms) = postSolution
		{6584BAAE-CBCE-4FC2-969A-F3128E103B94}.Debug|Any CPU.ActiveCfg = Debug|Any CPU
		{6584BAAE-CBCE-4FC2-969A-F3128E103B94}.Debug|Any CPU.Build.0 = Debug|Any CPU
		{6584BAAE-CBCE-4FC2-969A-F3128E103B94}.Release|Any CPU.ActiveCfg = Release|Any CPU
		{6584BAAE-CBCE-4FC2-969A-F3128E103B94}.Release|Any CPU.Build.0 = Release|Any CPU
	EndGlobalSection
EndGlobal
